
Microsoft Visual Studio Solution File, Format Version 12.00
# Visual Studio 2017
Project("{FAE04EC0-301F-11D3-BF4B-00C04F79EFBC}") = "Color_Game", "Color_Game.csproj", "{DFD14946-FF4C-3B59-2CEC-978841D708AB}"
EndProject
Global
	GlobalSection(SolutionConfigurationPlatforms) = preSolution
		Debug|Any CPU = Debug|Any CPU
		Release|Any CPU = Release|Any CPU
	EndGlobalSection
	GlobalSection(ProjectConfigurationPlatforms) = postSolution
		{DFD14946-FF4C-3B59-2CEC-978841D708AB}.Debug|Any CPU.ActiveCfg = Debug|Any CPU
		{DFD14946-FF4C-3B59-2CEC-978841D708AB}.Debug|Any CPU.Build.0 = Debug|Any CPU
		{DFD14946-FF4C-3B59-2CEC-978841D708AB}.Release|Any CPU.ActiveCfg = Release|Any CPU
		{DFD14946-FF4C-3B59-2CEC-978841D708AB}.Release|Any CPU.Build.0 = Release|Any CPU
	EndGlobalSection
	GlobalSection(SolutionProperties) = preSolution
		HideSolutionNode = FALSE
	EndGlobalSection
EndGlobal
